{
  "object": {
    "pins": [
      {
        "package": "LPColorUI",
        "repositoryURL": "https://github.com/lukepistrol/LPColorUI.git",
        "state": {
          "branch": "master",
          "revision": "072f36eb3ca004e9503fe7941e7bcae0336c019b",
          "version": null
        }
      }
    ]
  },
  "version": 1
}
