{
  "object": {
    "pins": [
      {
        "package": "LPColorUI",
        "repositoryURL": "https://github.com/lukepistrol/LPColorUI.git",
        "state": {
          "branch": null,
          "revision": "b744ff4b6586be1cbf6bb31d6035e4a24c29124f",
          "version": "1.1.0"
        }
      }
    ]
  },
  "version": 1
}
