{
  "pins" : [
    {
      "identity" : "lpcolorui",
      "kind" : "remoteSourceControl",
      "location" : "https://github.com/lukepistrol/LPColorUI.git",
      "state" : {
        "revision" : "b744ff4b6586be1cbf6bb31d6035e4a24c29124f",
        "version" : "1.1.0"
      }
    },
    {
      "identity" : "pexels-swift",
      "kind" : "remoteSourceControl",
      "location" : "https://github.com/lukepistrol/Pexels-Swift.git",
      "state" : {
        "revision" : "6dad05432195dcc0f5646c191e380d3984e37015",
        "version" : "0.2.0"
      }
    }
  ],
  "version" : 2
}
